
Microsoft Visual Studio Solution File, Format Version 12.00
# Visual Studio Version 17
VisualStudioVersion = 17.13.35931.197 d17.13
MinimumVisualStudioVersion = 10.0.40219.1
Project("{FAE04EC0-301F-11D3-BF4B-00C04F79EFBC}") = "ArcGisTests", "ArcGisTests.csproj", "{50EDCB6F-0CCA-4A3A-8666-C76288B346F2}"
EndProject
Global
	GlobalSection(SolutionConfigurationPlatforms) = preSolution
		Debug|Any CPU = Debug|Any CPU
		Release|Any CPU = Release|Any CPU
	EndGlobalSection
	GlobalSection(ProjectConfigurationPlatforms) = postSolution
		{50EDCB6F-0CCA-4A3A-8666-C76288B346F2}.Debug|Any CPU.ActiveCfg = Debug|Any CPU
		{50EDCB6F-0CCA-4A3A-8666-C76288B346F2}.Debug|Any CPU.Build.0 = Debug|Any CPU
		{50EDCB6F-0CCA-4A3A-8666-C76288B346F2}.Release|Any CPU.ActiveCfg = Release|Any CPU
		{50EDCB6F-0CCA-4A3A-8666-C76288B346F2}.Release|Any CPU.Build.0 = Release|Any CPU
	EndGlobalSection
	GlobalSection(SolutionProperties) = preSolution
		HideSolutionNode = FALSE
	EndGlobalSection
	GlobalSection(ExtensibilityGlobals) = postSolution
		SolutionGuid = {3FFF1845-1873-44A9-A091-3C6540AAFC41}
	EndGlobalSection
EndGlobal
